
Microsoft Visual Studio Solution File, Format Version 12.00
# Visual Studio Version 17
VisualStudioVersion = 17.2.32630.192
MinimumVisualStudioVersion = 10.0.40219.1
Project("{FAE04EC0-301F-11D3-BF4B-00C04F79EFBC}") = "SsmsSchemaFolders.VSPackage", "SsmsSchemaFolders.VSPackage.csproj", "{BF0BA7D7-D1EC-4E73-A5B4-0359D10F4740}"
EndProject
Project("{FAE04EC0-301F-11D3-BF4B-00C04F79EFBC}") = "SsmsSchemaFolders.Interfaces", "SsmsSchemaFolders.Interfaces.csproj", "{7D308A5E-267F-4AC6-B4AC-D6D94F93BBEB}"
EndProject
Project("{FAE04EC0-301F-11D3-BF4B-00C04F79EFBC}") = "SsmsSchemaFolders.Ssms18", "SsmsSchemaFolders.Ssms18.csproj", "{D333B8ED-584D-4BDA-91CE-7FE7473413CA}"
EndProject
Project("{FAE04EC0-301F-11D3-BF4B-00C04F79EFBC}") = "SsmsSchemaFolders.Ssms19", "SsmsSchemaFolders.Ssms19.csproj", "{7052A9C5-1263-433D-A758-1DA44D784E2F}"
EndProject
Project("{FAE04EC0-301F-11D3-BF4B-00C04F79EFBC}") = "SsmsSchemaFolders.Ssms20", "SsmsSchemaFolders.Ssms20.csproj", "{FE225E51-5B7E-4100-939B-D262CC6FD169}"
EndProject
Project("{FAE04EC0-301F-11D3-BF4B-00C04F79EFBC}") = "SsmsSchemaFolders.Ssms21", "SsmsSchemaFolders.Ssms21.csproj", "{4B46B4AF-ACCB-4825-A40F-6E74C33E7599}"
EndProject
Project("{FAE04EC0-301F-11D3-BF4B-00C04F79EFBC}") = "SsmsSchemaFolders.Ssms22", "SsmsSchemaFolders.Ssms22.csproj", "{A1BBF14A-7E6A-42B8-8CBA-5DD8F0301E79}"
EndProject
Global
	GlobalSection(SolutionConfigurationPlatforms) = preSolution
		Debug|Any CPU = Debug|Any CPU
		Release|Any CPU = Release|Any CPU
	EndGlobalSection
	GlobalSection(ProjectConfigurationPlatforms) = postSolution
		{BF0BA7D7-D1EC-4E73-A5B4-0359D10F4740}.Debug|Any CPU.ActiveCfg = Debug|Any CPU
		{BF0BA7D7-D1EC-4E73-A5B4-0359D10F4740}.Debug|Any CPU.Build.0 = Debug|Any CPU
		{BF0BA7D7-D1EC-4E73-A5B4-0359D10F4740}.Release|Any CPU.ActiveCfg = Release|Any CPU
		{BF0BA7D7-D1EC-4E73-A5B4-0359D10F4740}.Release|Any CPU.Build.0 = Release|Any CPU
		{7D308A5E-267F-4AC6-B4AC-D6D94F93BBEB}.Debug|Any CPU.ActiveCfg = Debug|Any CPU
		{7D308A5E-267F-4AC6-B4AC-D6D94F93BBEB}.Debug|Any CPU.Build.0 = Debug|Any CPU
		{7D308A5E-267F-4AC6-B4AC-D6D94F93BBEB}.Release|Any CPU.ActiveCfg = Release|Any CPU
		{7D308A5E-267F-4AC6-B4AC-D6D94F93BBEB}.Release|Any CPU.Build.0 = Release|Any CPU
		{D333B8ED-584D-4BDA-91CE-7FE7473413CA}.Debug|Any CPU.ActiveCfg = Debug|Any CPU
		{D333B8ED-584D-4BDA-91CE-7FE7473413CA}.Debug|Any CPU.Build.0 = Debug|Any CPU
		{D333B8ED-584D-4BDA-91CE-7FE7473413CA}.Release|Any CPU.ActiveCfg = Release|Any CPU
		{D333B8ED-584D-4BDA-91CE-7FE7473413CA}.Release|Any CPU.Build.0 = Release|Any CPU
		{7052A9C5-1263-433D-A758-1DA44D784E2F}.Debug|Any CPU.ActiveCfg = Debug|Any CPU
		{7052A9C5-1263-433D-A758-1DA44D784E2F}.Debug|Any CPU.Build.0 = Debug|Any CPU
		{7052A9C5-1263-433D-A758-1DA44D784E2F}.Release|Any CPU.ActiveCfg = Release|Any CPU
		{7052A9C5-1263-433D-A758-1DA44D784E2F}.Release|Any CPU.Build.0 = Release|Any CPU
		{FE225E51-5B7E-4100-939B-D262CC6FD169}.Debug|Any CPU.ActiveCfg = Debug|Any CPU
		{FE225E51-5B7E-4100-939B-D262CC6FD169}.Debug|Any CPU.Build.0 = Debug|Any CPU
		{FE225E51-5B7E-4100-939B-D262CC6FD169}.Release|Any CPU.ActiveCfg = Release|Any CPU
		{FE225E51-5B7E-4100-939B-D262CC6FD169}.Release|Any CPU.Build.0 = Release|Any CPU
		{4B46B4AF-ACCB-4825-A40F-6E74C33E7599}.Debug|Any CPU.ActiveCfg = Debug|Any CPU
		{4B46B4AF-ACCB-4825-A40F-6E74C33E7599}.Debug|Any CPU.Build.0 = Debug|Any CPU
		{4B46B4AF-ACCB-4825-A40F-6E74C33E7599}.Release|Any CPU.ActiveCfg = Release|Any CPU
		{4B46B4AF-ACCB-4825-A40F-6E74C33E7599}.Release|Any CPU.Build.0 = Release|Any CPU
		{A1BBF14A-7E6A-42B8-8CBA-5DD8F0301E79}.Debug|Any CPU.ActiveCfg = Debug|Any CPU
		{A1BBF14A-7E6A-42B8-8CBA-5DD8F0301E79}.Debug|Any CPU.Build.0 = Debug|Any CPU
		{A1BBF14A-7E6A-42B8-8CBA-5DD8F0301E79}.Release|Any CPU.ActiveCfg = Release|Any CPU
		{A1BBF14A-7E6A-42B8-8CBA-5DD8F0301E79}.Release|Any CPU.Build.0 = Release|Any CPU
	EndGlobalSection
	GlobalSection(SolutionProperties) = preSolution
		HideSolutionNode = FALSE
	EndGlobalSection
	GlobalSection(ExtensibilityGlobals) = postSolution
		SolutionGuid = {48E45CDF-3A22-4581-8C1D-15BAF608F172}
	EndGlobalSection
EndGlobal
